// !$*UTF8*$!
{
	archiveVersion = 1;
	classes = {
	};
	objectVersion = 46;
	objects = {

/* Begin PBXBuildFile section */
		3222B4411C1FC63E0003813F /* RCTUpdate.h in CopyFiles */ = {isa = PBXBuildFile; fileRef = 3222B4401C1FC63E0003813F /* RCTUpdate.h */; };
		3222B4431C1FC63E0003813F /* RCTUpdate.m in Sources */ = {isa = PBXBuildFile; fileRef = 3222B4421C1FC63E0003813F /* RCTUpdate.m */; };
/* End PBXBuildFile section */

/* Begin PBXCopyFilesBuildPhase section */
		3222B43B1C1FC63D0003813F /* CopyFiles */ = {
			isa = PBXCopyFilesBuildPhase;
			buildActionMask = 2147483647;
			dstPath = "include/$(PRODUCT_NAME)";
			dstSubfolderSpec = 16;
			files = (
				3222B4411C1FC63E0003813F /* RCTUpdate.h in CopyFiles */,
			);
			runOnlyForDeploymentPostprocessing = 0;
		};
/* End PBXCopyFilesBuildPhase section */

/* Begin PBXFileReference section */
		3222B43D1C1FC63E0003813F /* libRCTUpdate.a */ = {isa = PBXFileReference; explicitFileType = archive.ar; includeInIndex = 0; path = libRCTUpdate.a; sourceTree = BUILT_PRODUCTS_DIR; };
		3222B4401C1FC63E0003813F /* RCTUpdate.h */ = {isa = PBXFileReference; lastKnownFileType = sourcecode.c.h; path = RCTUpdate.h; sourceTree = "<group>"; };
		3222B4421C1FC63E0003813F /* RCTUpdate.m */ = {isa = PBXFileReference; lastKnownFileType = sourcecode.c.objc; path = RCTUpdate.m; sourceTree = "<group>"; };
/* End PBXFileReference section */

/* Begin PBXFrameworksBuildPhase section */
		3222B43A1C1FC63D0003813F /* Frameworks */ = {
			isa = PBXFrameworksBuildPhase;
			buildActionMask = 2147483647;
			files = (
			);
			runOnlyForDeploymentPostprocessing = 0;
		};
/* End PBXFrameworksBuildPhase section */

/* Begin PBXGroup section */
		3222B4341C1FC63D0003813F = {
			isa = PBXGroup;
			children = (
				3222B43F1C1FC63E0003813F /* RCTUpdate */,
				3222B43E1C1FC63E0003813F /* Products */,
			);
			sourceTree = "<group>";
		};
		3222B43E1C1FC63E0003813F /* Products */ = {
			isa = PBXGroup;
			children = (
				3222B43D1C1FC63E0003813F /* libRCTUpdate.a */,
			);
			name = Products;
			sourceTree = "<group>";
		};
		3222B43F1C1FC63E0003813F /* RCTUpdate */ = {
			isa = PBXGroup;
			children = (
				3222B4401C1FC63E0003813F /* RCTUpdate.h */,
				3222B4421C1FC63E0003813F /* RCTUpdate.m */,
			);
			path = RCTUpdate;
			sourceTree = "<group>";
		};
/* End PBXGroup section */

/* Begin PBXNativeTarget section */
		3222B43C1C1FC63D0003813F /* RCTUpdate */ = {
			isa = PBXNativeTarget;
			buildConfigurationList = 3222B4461C1FC63E0003813F /* Build configuration list for PBXNativeTarget "RCTUpdate" */;
			buildPhases = (
				3222B4391C1FC63D0003813F /* Sources */,
				3222B43A1C1FC63D0003813F /* Frameworks */,
				3222B43B1C1FC63D0003813F /* CopyFiles */,
			);
			buildRules = (
			);
			dependencies = (
			);
			name = RCTUpdate;
			productName = RCTUpdate;
			productReference = 3222B43D1C1FC63E0003813F /* libRCTUpdate.a */;
			productType = "com.apple.product-type.library.static";
		};
/* End PBXNativeTarget section */

/* Begin PBXProject section */
		3222B4351C1FC63D0003813F /* Project object */ = {
			isa = PBXProject;
			attributes = {
				LastUpgradeCheck = 0720;
				ORGANIZATIONNAME = remobile;
				TargetAttributes = {
					3222B43C1C1FC63D0003813F = {
						CreatedOnToolsVersion = 7.2;
					};
				};
			};
			buildConfigurationList = 3222B4381C1FC63D0003813F /* Build configuration list for PBXProject "RCTUpdate" */;
			compatibilityVersion = "Xcode 3.2";
			developmentRegion = English;
			hasScannedForEncodings = 0;
			knownRegions = (
				en,
			);
			mainGroup = 3222B4341C1FC63D0003813F;
			productRefGroup = 3222B43E1C1FC63E0003813F /* Products */;
			projectDirPath = "";
			projectRoot = "";
			targets = (
				3222B43C1C1FC63D0003813F /* RCTUpdate */,
			);
		};
/* End PBXProject section */

/* Begin PBXSourcesBuildPhase section */
		3222B4391C1FC63D0003813F /* Sources */ = {
			isa = PBXSourcesBuildPhase;
			buildActionMask = 2147483647;
			files = (
				3222B4431C1FC63E0003813F /* RCTUpdate.m in Sources */,
			);
			runOnlyForDeploymentPostprocessing = 0;
		};
/* End PBXSourcesBuildPhase section */

/* Begin XCBuildConfiguration section */
		3222B4441C1FC63E0003813F /* Debug */ = {
			isa = XCBuildConfiguration;
			buildSettings = {
				ALWAYS_SEARCH_USER_PATHS = NO;
				CLANG_CXX_LANGUAGE_STANDARD = "gnu++0x";
				CLANG_CXX_LIBRARY = "libc++";
				CLANG_ENABLE_MODULES = YES;
				CLANG_ENABLE_OBJC_ARC = YES;
				CLANG_WARN_BOOL_CONVERSION = YES;
				CLANG_WARN_CONSTANT_CONVERSION = YES;
				CLANG_WARN_DIRECT_OBJC_ISA_USAGE = YES_ERROR;
				CLANG_WARN_EMPTY_BODY = YES;
				CLANG_WARN_ENUM_CONVERSION = YES;
				CLANG_WARN_INT_CONVERSION = YES;
				CLANG_WARN_OBJC_ROOT_CLASS = YES_ERROR;
				CLANG_WARN_UNREACHABLE_CODE = YES;
				CLANG_WARN__DUPLICATE_METHOD_MATCH = YES;
				"CODE_SIGN_IDENTITY[sdk=iphoneos*]" = "iPhone Developer";
				COPY_PHASE_STRIP = NO;
				DEBUG_INFORMATION_FORMAT = dwarf;
				ENABLE_STRICT_OBJC_MSGSEND = YES;
				ENABLE_TESTABILITY = YES;
				GCC_C_LANGUAGE_STANDARD = gnu99;
				GCC_DYNAMIC_NO_PIC = NO;
				GCC_NO_COMMON_BLOCKS = YES;
				GCC_OPTIMIZATION_LEVEL = 0;
				GCC_PREPROCESSOR_DEFINITIONS = (
					"DEBUG=1",
					"$(inherited)",
				);
				GCC_WARN_64_TO_32_BIT_CONVERSION = YES;
				GCC_WARN_ABOUT_RETURN_TYPE = YES_ERROR;
				GCC_WARN_UNDECLARED_SELECTOR = YES;
				GCC_WARN_UNINITIALIZED_AUTOS = YES_AGGRESSIVE;
				GCC_WARN_UNUSED_FUNCTION = YES;
				GCC_WARN_UNUSED_VARIABLE = YES;
				IPHONEOS_DEPLOYMENT_TARGET = 9.2;
				MTL_ENABLE_DEBUG_INFO = YES;
				ONLY_ACTIVE_ARCH = YES;
				SDKROOT = iphoneos;
			};
			name = Debug;
		};
		3222B4451C1FC63E0003813F /* Release */ = {
			isa = XCBuildConfiguration;
			buildSettings = {
				ALWAYS_SEARCH_USER_PATHS = NO;
				CLANG_CXX_LANGUAGE_STANDARD = "gnu++0x";
				CLANG_CXX_LIBRARY = "libc++";
				CLANG_ENABLE_MODULES = YES;
				CLANG_ENABLE_OBJC_ARC = YES;
				CLANG_WARN_BOOL_CONVERSION = YES;
				CLANG_WARN_CONSTANT_CONVERSION = YES;
				CLANG_WARN_DIRECT_OBJC_ISA_USAGE = YES_ERROR;
				CLANG_WARN_EMPTY_BODY = YES;
				CLANG_WARN_ENUM_CONVERSION = YES;
				CLANG_WARN_INT_CONVERSION = YES;
				CLANG_WARN_OBJC_ROOT_CLASS = YES_ERROR;
				CLANG_WARN_UNREACHABLE_CODE = YES;
				CLANG_WARN__DUPLICATE_METHOD_MATCH = YES;
				"CODE_SIGN_IDENTITY[sdk=iphoneos*]" = "iPhone Developer";
				COPY_PHASE_STRIP = NO;
				DEBUG_INFORMATION_FORMAT = "dwarf-with-dsym";
				ENABLE_NS_ASSERTIONS = NO;
				ENABLE_STRICT_OBJC_MSGSEND = YES;
				GCC_C_LANGUAGE_STANDARD = gnu99;
				GCC_NO_COMMON_BLOCKS = YES;
				GCC_WARN_64_TO_32_BIT_CONVERSION = YES;
				GCC_WARN_ABOUT_RETURN_TYPE = YES_ERROR;
				GCC_WARN_UNDECLARED_SELECTOR = YES;
				GCC_WARN_UNINITIALIZED_AUTOS = YES_AGGRESSIVE;
				GCC_WARN_UNUSED_FUNCTION = YES;
				GCC_WARN_UNUSED_VARIABLE = YES;
				IPHONEOS_DEPLOYMENT_TARGET = 9.2;
				MTL_ENABLE_DEBUG_INFO = NO;
				SDKROOT = iphoneos;
				VALIDATE_PRODUCT = YES;
			};
			name = Release;
		};
		3222B4471C1FC63E0003813F /* Debug */ = {
			isa = XCBuildConfiguration;
			buildSettings = {
				HEADER_SEARCH_PATHS = (
					"$(inherited)",
					/Applications/Xcode.app/Contents/Developer/Toolchains/XcodeDefault.xctoolchain/usr/include,
					"$(SRCROOT)/../../../react-native/React/**",
				);
				OTHER_LDFLAGS = "-ObjC";
				PRODUCT_NAME = "$(TARGET_NAME)";
				SKIP_INSTALL = YES;
			};
			name = Debug;
		};
		3222B4481C1FC63E0003813F /* Release */ = {
			isa = XCBuildConfiguration;
			buildSettings = {
				HEADER_SEARCH_PATHS = (
					"$(inherited)",
					/Applications/Xcode.app/Contents/Developer/Toolchains/XcodeDefault.xctoolchain/usr/include,
					"$(SRCROOT)/../../../react-native/React/**",
				);
				OTHER_LDFLAGS = "-ObjC";
				PRODUCT_NAME = "$(TARGET_NAME)";
				SKIP_INSTALL = YES;
			};
			name = Release;
		};
/* End XCBuildConfiguration section */

/* Begin XCConfigurationList section */
		3222B4381C1FC63D0003813F /* Build configuration list for PBXProject "RCTUpdate" */ = {
			isa = XCConfigurationList;
			buildConfigurations = (
				3222B4441C1FC63E0003813F /* Debug */,
				3222B4451C1FC63E0003813F /* Release */,
			);
			defaultConfigurationIsVisible = 0;
			defaultConfigurationName = Release;
		};
		3222B4461C1FC63E0003813F /* Build configuration list for PBXNativeTarget "RCTUpdate" */ = {
			isa = XCConfigurationList;
			buildConfigurations = (
				3222B4471C1FC63E0003813F /* Debug */,
				3222B4481C1FC63E0003813F /* Release */,
			);
			defaultConfigurationIsVisible = 0;
			defaultConfigurationName = Release;
		};
/* End XCConfigurationList section */
	};
	rootObject = 3222B4351C1FC63D0003813F /* Project object */;
}
